
Microsoft Visual Studio Solution File, Format Version 12.00
# Visual Studio 15
VisualStudioVersion = 15.0.28307.1433
MinimumVisualStudioVersion = 10.0.40219.1
Project("{FAE04EC0-301F-11D3-BF4B-00C04F79EFBC}") = "NutriApp", "NutriApp\NutriApp.csproj", "{36711848-A1F5-428F-B869-FB89FB4A69F2}"
EndProject
Global
	GlobalSection(SolutionConfigurationPlatforms) = preSolution
		Debug|Any CPU = Debug|Any CPU
		Release|Any CPU = Release|Any CPU
	EndGlobalSection
	GlobalSection(ProjectConfigurationPlatforms) = postSolution
		{36711848-A1F5-428F-B869-FB89FB4A69F2}.Debug|Any CPU.ActiveCfg = Debug|Any CPU
		{36711848-A1F5-428F-B869-FB89FB4A69F2}.Debug|Any CPU.Build.0 = Debug|Any CPU
		{36711848-A1F5-428F-B869-FB89FB4A69F2}.Release|Any CPU.ActiveCfg = Release|Any CPU
		{36711848-A1F5-428F-B869-FB89FB4A69F2}.Release|Any CPU.Build.0 = Release|Any CPU
	EndGlobalSection
	GlobalSection(SolutionProperties) = preSolution
		HideSolutionNode = FALSE
	EndGlobalSection
	GlobalSection(ExtensibilityGlobals) = postSolution
		SolutionGuid = {DBFE83B0-3322-4CD3-B15E-4F1B7AF61322}
	EndGlobalSection
EndGlobal
